
Microsoft Visual Studio Solution File, Format Version 12.00
# Visual Studio 15
VisualStudioVersion = 15.0.27703.2000
MinimumVisualStudioVersion = 10.0.40219.1
Project("{FAE04EC0-301F-11D3-BF4B-00C04F79EFBC}") = "Inventario.Android", "Inventario\Inventario.Android\Inventario.Android.csproj", "{FB7E9ED8-E21C-4F86-AC89-E1D95B7DB5C8}"
EndProject
Project("{FAE04EC0-301F-11D3-BF4B-00C04F79EFBC}") = "Inventario.iOS", "Inventario\Inventario.iOS\Inventario.iOS.csproj", "{844A6E64-AC4D-4715-8940-A36BA4BD5154}"
EndProject
Project("{FAE04EC0-301F-11D3-BF4B-00C04F79EFBC}") = "Inventario", "Inventario\Inventario\Inventario.csproj", "{90BC8DBF-0F74-400E-8099-54E943A3B51A}"
EndProject
Global
	GlobalSection(SolutionConfigurationPlatforms) = preSolution
		Ad-Hoc|Any CPU = Ad-Hoc|Any CPU
		Ad-Hoc|iPhone = Ad-Hoc|iPhone
		Ad-Hoc|iPhoneSimulator = Ad-Hoc|iPhoneSimulator
		AppStore|Any CPU = AppStore|Any CPU
		AppStore|iPhone = AppStore|iPhone
		AppStore|iPhoneSimulator = AppStore|iPhoneSimulator
		Debug|Any CPU = Debug|Any CPU
		Debug|iPhone = Debug|iPhone
		Debug|iPhoneSimulator = Debug|iPhoneSimulator
		Release|Any CPU = Release|Any CPU
		Release|iPhone = Release|iPhone
		Release|iPhoneSimulator = Release|iPhoneSimulator
	EndGlobalSection
	GlobalSection(ProjectConfigurationPlatforms) = postSolution
		{FB7E9ED8-E21C-4F86-AC89-E1D95B7DB5C8}.Ad-Hoc|Any CPU.ActiveCfg = Release|Any CPU
		{FB7E9ED8-E21C-4F86-AC89-E1D95B7DB5C8}.Ad-Hoc|Any CPU.Build.0 = Release|Any CPU
		{FB7E9ED8-E21C-4F86-AC89-E1D95B7DB5C8}.Ad-Hoc|Any CPU.Deploy.0 = Release|Any CPU
		{FB7E9ED8-E21C-4F86-AC89-E1D95B7DB5C8}.Ad-Hoc|iPhone.ActiveCfg = Release|Any CPU
		{FB7E9ED8-E21C-4F86-AC89-E1D95B7DB5C8}.Ad-Hoc|iPhone.Build.0 = Release|Any CPU
		{FB7E9ED8-E21C-4F86-AC89-E1D95B7DB5C8}.Ad-Hoc|iPhone.Deploy.0 = Release|Any CPU
		{FB7E9ED8-E21C-4F86-AC89-E1D95B7DB5C8}.Ad-Hoc|iPhoneSimulator.ActiveCfg = Release|Any CPU
		{FB7E9ED8-E21C-4F86-AC89-E1D95B7DB5C8}.Ad-Hoc|iPhoneSimulator.Build.0 = Release|Any CPU
		{FB7E9ED8-E21C-4F86-AC89-E1D95B7DB5C8}.Ad-Hoc|iPhoneSimulator.Deploy.0 = Release|Any CPU
		{FB7E9ED8-E21C-4F86-AC89-E1D95B7DB5C8}.AppStore|Any CPU.ActiveCfg = Release|Any CPU
		{FB7E9ED8-E21C-4F86-AC89-E1D95B7DB5C8}.AppStore|Any CPU.Build.0 = Release|Any CPU
		{FB7E9ED8-E21C-4F86-AC89-E1D95B7DB5C8}.AppStore|Any CPU.Deploy.0 = Release|Any CPU
		{FB7E9ED8-E21C-4F86-AC89-E1D95B7DB5C8}.AppStore|iPhone.ActiveCfg = Release|Any CPU
		{FB7E9ED8-E21C-4F86-AC89-E1D95B7DB5C8}.AppStore|iPhone.Build.0 = Release|Any CPU
		{FB7E9ED8-E21C-4F86-AC89-E1D95B7DB5C8}.AppStore|iPhone.Deploy.0 = Release|Any CPU
		{FB7E9ED8-E21C-4F86-AC89-E1D95B7DB5C8}.AppStore|iPhoneSimulator.ActiveCfg = Release|Any CPU
		{FB7E9ED8-E21C-4F86-AC89-E1D95B7DB5C8}.AppStore|iPhoneSimulator.Build.0 = Release|Any CPU
		{FB7E9ED8-E21C-4F86-AC89-E1D95B7DB5C8}.AppStore|iPhoneSimulator.Deploy.0 = Release|Any CPU
		{FB7E9ED8-E21C-4F86-AC89-E1D95B7DB5C8}.Debug|Any CPU.ActiveCfg = Debug|Any CPU
		{FB7E9ED8-E21C-4F86-AC89-E1D95B7DB5C8}.Debug|Any CPU.Build.0 = Debug|Any CPU
		{FB7E9ED8-E21C-4F86-AC89-E1D95B7DB5C8}.Debug|Any CPU.Deploy.0 = Debug|Any CPU
		{FB7E9ED8-E21C-4F86-AC89-E1D95B7DB5C8}.Debug|iPhone.ActiveCfg = Debug|Any CPU
		{FB7E9ED8-E21C-4F86-AC89-E1D95B7DB5C8}.Debug|iPhone.Build.0 = Debug|Any CPU
		{FB7E9ED8-E21C-4F86-AC89-E1D95B7DB5C8}.Debug|iPhone.Deploy.0 = Debug|Any CPU
		{FB7E9ED8-E21C-4F86-AC89-E1D95B7DB5C8}.Debug|iPhoneSimulator.ActiveCfg = Debug|Any CPU
		{FB7E9ED8-E21C-4F86-AC89-E1D95B7DB5C8}.Debug|iPhoneSimulator.Build.0 = Debug|Any CPU
		{FB7E9ED8-E21C-4F86-AC89-E1D95B7DB5C8}.Debug|iPhoneSimulator.Deploy.0 = Debug|Any CPU
		{FB7E9ED8-E21C-4F86-AC89-E1D95B7DB5C8}.Release|Any CPU.ActiveCfg = Release|Any CPU
		{FB7E9ED8-E21C-4F86-AC89-E1D95B7DB5C8}.Release|Any CPU.Build.0 = Release|Any CPU
		{FB7E9ED8-E21C-4F86-AC89-E1D95B7DB5C8}.Release|Any CPU.Deploy.0 = Release|Any CPU
		{FB7E9ED8-E21C-4F86-AC89-E1D95B7DB5C8}.Release|iPhone.ActiveCfg = Release|Any CPU
		{FB7E9ED8-E21C-4F86-AC89-E1D95B7DB5C8}.Release|iPhone.Build.0 = Release|Any CPU
		{FB7E9ED8-E21C-4F86-AC89-E1D95B7DB5C8}.Release|iPhone.Deploy.0 = Release|Any CPU
		{FB7E9ED8-E21C-4F86-AC89-E1D95B7DB5C8}.Release|iPhoneSimulator.ActiveCfg = Release|Any CPU
		{FB7E9ED8-E21C-4F86-AC89-E1D95B7DB5C8}.Release|iPhoneSimulator.Build.0 = Release|Any CPU
		{FB7E9ED8-E21C-4F86-AC89-E1D95B7DB5C8}.Release|iPhoneSimulator.Deploy.0 = Release|Any CPU
		{844A6E64-AC4D-4715-8940-A36BA4BD5154}.Ad-Hoc|Any CPU.ActiveCfg = Ad-Hoc|iPhone
		{844A6E64-AC4D-4715-8940-A36BA4BD5154}.Ad-Hoc|Any CPU.Build.0 = Ad-Hoc|iPhone
		{844A6E64-AC4D-4715-8940-A36BA4BD5154}.Ad-Hoc|Any CPU.Deploy.0 = Ad-Hoc|iPhone
		{844A6E64-AC4D-4715-8940-A36BA4BD5154}.Ad-Hoc|iPhone.ActiveCfg = Ad-Hoc|iPhone
		{844A6E64-AC4D-4715-8940-A36BA4BD5154}.Ad-Hoc|iPhone.Build.0 = Ad-Hoc|iPhone
		{844A6E64-AC4D-4715-8940-A36BA4BD5154}.Ad-Hoc|iPhone.Deploy.0 = Ad-Hoc|iPhone
		{844A6E64-AC4D-4715-8940-A36BA4BD5154}.Ad-Hoc|iPhoneSimulator.ActiveCfg = Ad-Hoc|iPhoneSimulator
		{844A6E64-AC4D-4715-8940-A36BA4BD5154}.Ad-Hoc|iPhoneSimulator.Build.0 = Ad-Hoc|iPhoneSimulator
		{844A6E64-AC4D-4715-8940-A36BA4BD5154}.Ad-Hoc|iPhoneSimulator.Deploy.0 = Ad-Hoc|iPhoneSimulator
		{844A6E64-AC4D-4715-8940-A36BA4BD5154}.AppStore|Any CPU.ActiveCfg = AppStore|iPhone
		{844A6E64-AC4D-4715-8940-A36BA4BD5154}.AppStore|Any CPU.Build.0 = AppStore|iPhone
		{844A6E64-AC4D-4715-8940-A36BA4BD5154}.AppStore|Any CPU.Deploy.0 = AppStore|iPhone
		{844A6E64-AC4D-4715-8940-A36BA4BD5154}.AppStore|iPhone.ActiveCfg = AppStore|iPhone
		{844A6E64-AC4D-4715-8940-A36BA4BD5154}.AppStore|iPhone.Build.0 = AppStore|iPhone
		{844A6E64-AC4D-4715-8940-A36BA4BD5154}.AppStore|iPhone.Deploy.0 = AppStore|iPhone
		{844A6E64-AC4D-4715-8940-A36BA4BD5154}.AppStore|iPhoneSimulator.ActiveCfg = AppStore|iPhoneSimulator
		{844A6E64-AC4D-4715-8940-A36BA4BD5154}.AppStore|iPhoneSimulator.Build.0 = AppStore|iPhoneSimulator
		{844A6E64-AC4D-4715-8940-A36BA4BD5154}.AppStore|iPhoneSimulator.Deploy.0 = AppStore|iPhoneSimulator
		{844A6E64-AC4D-4715-8940-A36BA4BD5154}.Debug|Any CPU.ActiveCfg = Debug|iPhoneSimulator
		{844A6E64-AC4D-4715-8940-A36BA4BD5154}.Debug|Any CPU.Build.0 = Debug|iPhoneSimulator
		{844A6E64-AC4D-4715-8940-A36BA4BD5154}.Debug|Any CPU.Deploy.0 = Debug|iPhoneSimulator
		{844A6E64-AC4D-4715-8940-A36BA4BD5154}.Debug|iPhone.ActiveCfg = Debug|iPhone
		{844A6E64-AC4D-4715-8940-A36BA4BD5154}.Debug|iPhone.Build.0 = Debug|iPhone
		{844A6E64-AC4D-4715-8940-A36BA4BD5154}.Debug|iPhone.Deploy.0 = Debug|iPhone
		{844A6E64-AC4D-4715-8940-A36BA4BD5154}.Debug|iPhoneSimulator.ActiveCfg = Debug|iPhoneSimulator
		{844A6E64-AC4D-4715-8940-A36BA4BD5154}.Debug|iPhoneSimulator.Build.0 = Debug|iPhoneSimulator
		{844A6E64-AC4D-4715-8940-A36BA4BD5154}.Debug|iPhoneSimulator.Deploy.0 = Debug|iPhoneSimulator
		{844A6E64-AC4D-4715-8940-A36BA4BD5154}.Release|Any CPU.ActiveCfg = Release|iPhone
		{844A6E64-AC4D-4715-8940-A36BA4BD5154}.Release|Any CPU.Build.0 = Release|iPhone
		{844A6E64-AC4D-4715-8940-A36BA4BD5154}.Release|Any CPU.Deploy.0 = Release|iPhone
		{844A6E64-AC4D-4715-8940-A36BA4BD5154}.Release|iPhone.ActiveCfg = Release|iPhone
		{844A6E64-AC4D-4715-8940-A36BA4BD5154}.Release|iPhone.Build.0 = Release|iPhone
		{844A6E64-AC4D-4715-8940-A36BA4BD5154}.Release|iPhone.Deploy.0 = Release|iPhone
		{844A6E64-AC4D-4715-8940-A36BA4BD5154}.Release|iPhoneSimulator.ActiveCfg = Release|iPhoneSimulator
		{844A6E64-AC4D-4715-8940-A36BA4BD5154}.Release|iPhoneSimulator.Build.0 = Release|iPhoneSimulator
		{844A6E64-AC4D-4715-8940-A36BA4BD5154}.Release|iPhoneSimulator.Deploy.0 = Release|iPhoneSimulator
		{90BC8DBF-0F74-400E-8099-54E943A3B51A}.Ad-Hoc|Any CPU.ActiveCfg = Debug|Any CPU
		{90BC8DBF-0F74-400E-8099-54E943A3B51A}.Ad-Hoc|Any CPU.Build.0 = Debug|Any CPU
		{90BC8DBF-0F74-400E-8099-54E943A3B51A}.Ad-Hoc|Any CPU.Deploy.0 = Debug|Any CPU
		{90BC8DBF-0F74-400E-8099-54E943A3B51A}.Ad-Hoc|iPhone.ActiveCfg = Debug|Any CPU
		{90BC8DBF-0F74-400E-8099-54E943A3B51A}.Ad-Hoc|iPhone.Build.0 = Debug|Any CPU
		{90BC8DBF-0F74-400E-8099-54E943A3B51A}.Ad-Hoc|iPhone.Deploy.0 = Debug|Any CPU
		{90BC8DBF-0F74-400E-8099-54E943A3B51A}.Ad-Hoc|iPhoneSimulator.ActiveCfg = Debug|Any CPU
		{90BC8DBF-0F74-400E-8099-54E943A3B51A}.Ad-Hoc|iPhoneSimulator.Build.0 = Debug|Any CPU
		{90BC8DBF-0F74-400E-8099-54E943A3B51A}.Ad-Hoc|iPhoneSimulator.Deploy.0 = Debug|Any CPU
		{90BC8DBF-0F74-400E-8099-54E943A3B51A}.AppStore|Any CPU.ActiveCfg = Debug|Any CPU
		{90BC8DBF-0F74-400E-8099-54E943A3B51A}.AppStore|Any CPU.Build.0 = Debug|Any CPU
		{90BC8DBF-0F74-400E-8099-54E943A3B51A}.AppStore|Any CPU.Deploy.0 = Debug|Any CPU
		{90BC8DBF-0F74-400E-8099-54E943A3B51A}.AppStore|iPhone.ActiveCfg = Debug|Any CPU
		{90BC8DBF-0F74-400E-8099-54E943A3B51A}.AppStore|iPhone.Build.0 = Debug|Any CPU
		{90BC8DBF-0F74-400E-8099-54E943A3B51A}.AppStore|iPhone.Deploy.0 = Debug|Any CPU
		{90BC8DBF-0F74-400E-8099-54E943A3B51A}.AppStore|iPhoneSimulator.ActiveCfg = Debug|Any CPU
		{90BC8DBF-0F74-400E-8099-54E943A3B51A}.AppStore|iPhoneSimulator.Build.0 = Debug|Any CPU
		{90BC8DBF-0F74-400E-8099-54E943A3B51A}.AppStore|iPhoneSimulator.Deploy.0 = Debug|Any CPU
		{90BC8DBF-0F74-400E-8099-54E943A3B51A}.Debug|Any CPU.ActiveCfg = Debug|Any CPU
		{90BC8DBF-0F74-400E-8099-54E943A3B51A}.Debug|Any CPU.Build.0 = Debug|Any CPU
		{90BC8DBF-0F74-400E-8099-54E943A3B51A}.Debug|Any CPU.Deploy.0 = Debug|Any CPU
		{90BC8DBF-0F74-400E-8099-54E943A3B51A}.Debug|iPhone.ActiveCfg = Debug|Any CPU
		{90BC8DBF-0F74-400E-8099-54E943A3B51A}.Debug|iPhone.Build.0 = Debug|Any CPU
		{90BC8DBF-0F74-400E-8099-54E943A3B51A}.Debug|iPhone.Deploy.0 = Debug|Any CPU
		{90BC8DBF-0F74-400E-8099-54E943A3B51A}.Debug|iPhoneSimulator.ActiveCfg = Debug|Any CPU
		{90BC8DBF-0F74-400E-8099-54E943A3B51A}.Debug|iPhoneSimulator.Build.0 = Debug|Any CPU
		{90BC8DBF-0F74-400E-8099-54E943A3B51A}.Debug|iPhoneSimulator.Deploy.0 = Debug|Any CPU
		{90BC8DBF-0F74-400E-8099-54E943A3B51A}.Release|Any CPU.ActiveCfg = Release|Any CPU
		{90BC8DBF-0F74-400E-8099-54E943A3B51A}.Release|Any CPU.Build.0 = Release|Any CPU
		{90BC8DBF-0F74-400E-8099-54E943A3B51A}.Release|Any CPU.Deploy.0 = Release|Any CPU
		{90BC8DBF-0F74-400E-8099-54E943A3B51A}.Release|iPhone.ActiveCfg = Release|Any CPU
		{90BC8DBF-0F74-400E-8099-54E943A3B51A}.Release|iPhone.Build.0 = Release|Any CPU
		{90BC8DBF-0F74-400E-8099-54E943A3B51A}.Release|iPhone.Deploy.0 = Release|Any CPU
		{90BC8DBF-0F74-400E-8099-54E943A3B51A}.Release|iPhoneSimulator.ActiveCfg = Release|Any CPU
		{90BC8DBF-0F74-400E-8099-54E943A3B51A}.Release|iPhoneSimulator.Build.0 = Release|Any CPU
		{90BC8DBF-0F74-400E-8099-54E943A3B51A}.Release|iPhoneSimulator.Deploy.0 = Release|Any CPU
	EndGlobalSection
	GlobalSection(SolutionProperties) = preSolution
		HideSolutionNode = FALSE
	EndGlobalSection
	GlobalSection(ExtensibilityGlobals) = postSolution
		SolutionGuid = {B67AC11D-0EC3-4849-B319-D0C6FBA2F543}
	EndGlobalSection
EndGlobal
